
Microsoft Visual Studio Solution File, Format Version 12.00
# Visual Studio Version 17
VisualStudioVersion = 17.4.33103.184
MinimumVisualStudioVersion = 10.0.40219.1
Project("{FAE04EC0-301F-11D3-BF4B-00C04F79EFBC}") = "FeatureFlagsApi", "FeatureFlagsApi\FeatureFlagsApi.csproj", "{BDF23611-9C78-4F1A-B3A4-2463F4ABB7A4}"
EndProject
Global
	GlobalSection(SolutionConfigurationPlatforms) = preSolution
		Debug|Any CPU = Debug|Any CPU
		Release|Any CPU = Release|Any CPU
	EndGlobalSection
	GlobalSection(ProjectConfigurationPlatforms) = postSolution
		{BDF23611-9C78-4F1A-B3A4-2463F4ABB7A4}.Debug|Any CPU.ActiveCfg = Debug|Any CPU
		{BDF23611-9C78-4F1A-B3A4-2463F4ABB7A4}.Debug|Any CPU.Build.0 = Debug|Any CPU
		{BDF23611-9C78-4F1A-B3A4-2463F4ABB7A4}.Release|Any CPU.ActiveCfg = Release|Any CPU
		{BDF23611-9C78-4F1A-B3A4-2463F4ABB7A4}.Release|Any CPU.Build.0 = Release|Any CPU
	EndGlobalSection
	GlobalSection(SolutionProperties) = preSolution
		HideSolutionNode = FALSE
	EndGlobalSection
	GlobalSection(ExtensibilityGlobals) = postSolution
		SolutionGuid = {EE0A8AA5-8729-44A4-B29E-A471691306D2}
	EndGlobalSection
EndGlobal
